// !$*UTF8*$!
{
	archiveVersion = 1;
	classes = {
	};
	objectVersion = 48;
	objects = {

/* Begin PBXBuildFile section */
		7BEECBEF2068A36800B4A474 /* AppDelegate.swift in Sources */ = {isa = PBXBuildFile; fileRef = 7BEECBEE2068A36800B4A474 /* AppDelegate.swift */; };
		7BEECBF12068A36800B4A474 /* ViewController.swift in Sources */ = {isa = PBXBuildFile; fileRef = 7BEECBF02068A36800B4A474 /* ViewController.swift */; };
		7BEECBF32068A36800B4A474 /* Assets.xcassets in Resources */ = {isa = PBXBuildFile; fileRef = 7BEECBF22068A36800B4A474 /* Assets.xcassets */; };
		7BEECBF62068A36800B4A474 /* Main.storyboard in Resources */ = {isa = PBXBuildFile; fileRef = 7BEECBF42068A36800B4A474 /* Main.storyboard */; };
		7BEECC012068B60700B4A474 /* README.md in Resources */ = {isa = PBXBuildFile; fileRef = 7BEECBFF2068B60700B4A474 /* README.md */; };
		7BEECC022068B60700B4A474 /* s1.png in Resources */ = {isa = PBXBuildFile; fileRef = 7BEECC002068B60700B4A474 /* s1.png */; };
/* End PBXBuildFile section */

/* Begin PBXFileReference section */
		7BEECBEB2068A36800B4A474 /* FolderSHA.app */ = {isa = PBXFileReference; explicitFileType = wrapper.application; includeInIndex = 0; path = FolderSHA.app; sourceTree = BUILT_PRODUCTS_DIR; };
		7BEECBEE2068A36800B4A474 /* AppDelegate.swift */ = {isa = PBXFileReference; lastKnownFileType = sourcecode.swift; path = AppDelegate.swift; sourceTree = "<group>"; };
		7BEECBF02068A36800B4A474 /* ViewController.swift */ = {isa = PBXFileReference; lastKnownFileType = sourcecode.swift; path = ViewController.swift; sourceTree = "<group>"; };
		7BEECBF22068A36800B4A474 /* Assets.xcassets */ = {isa = PBXFileReference; lastKnownFileType = folder.assetcatalog; path = Assets.xcassets; sourceTree = "<group>"; };
		7BEECBF52068A36800B4A474 /* Base */ = {isa = PBXFileReference; lastKnownFileType = file.storyboard; name = Base; path = Base.lproj/Main.storyboard; sourceTree = "<group>"; };
		7BEECBF72068A36800B4A474 /* Info.plist */ = {isa = PBXFileReference; lastKnownFileType = text.plist.xml; path = Info.plist; sourceTree = "<group>"; };
		7BEECBF82068A36800B4A474 /* FolderSHA.entitlements */ = {isa = PBXFileReference; lastKnownFileType = text.plist.entitlements; path = FolderSHA.entitlements; sourceTree = "<group>"; };
		7BEECBFE2068A9DD00B4A474 /* BridgingHeader.h */ = {isa = PBXFileReference; lastKnownFileType = sourcecode.c.h; path = BridgingHeader.h; sourceTree = "<group>"; };
		7BEECBFF2068B60700B4A474 /* README.md */ = {isa = PBXFileReference; fileEncoding = 4; lastKnownFileType = net.daringfireball.markdown; path = README.md; sourceTree = "<group>"; };
		7BEECC002068B60700B4A474 /* s1.png */ = {isa = PBXFileReference; lastKnownFileType = image.png; path = s1.png; sourceTree = "<group>"; };
/* End PBXFileReference section */

/* Begin PBXFrameworksBuildPhase section */
		7BEECBE82068A36800B4A474 /* Frameworks */ = {
			isa = PBXFrameworksBuildPhase;
			buildActionMask = 2147483647;
			files = (
			);
			runOnlyForDeploymentPostprocessing = 0;
		};
/* End PBXFrameworksBuildPhase section */

/* Begin PBXGroup section */
		7BEECBE22068A36800B4A474 = {
			isa = PBXGroup;
			children = (
				7BEECBFF2068B60700B4A474 /* README.md */,
				7BEECC002068B60700B4A474 /* s1.png */,
				7BEECBED2068A36800B4A474 /* FolderSHA */,
				7BEECBEC2068A36800B4A474 /* Products */,
			);
			sourceTree = "<group>";
		};
		7BEECBEC2068A36800B4A474 /* Products */ = {
			isa = PBXGroup;
			children = (
				7BEECBEB2068A36800B4A474 /* FolderSHA.app */,
			);
			name = Products;
			sourceTree = "<group>";
		};
		7BEECBED2068A36800B4A474 /* FolderSHA */ = {
			isa = PBXGroup;
			children = (
				7BEECBEE2068A36800B4A474 /* AppDelegate.swift */,
				7BEECBF02068A36800B4A474 /* ViewController.swift */,
				7BEECBF22068A36800B4A474 /* Assets.xcassets */,
				7BEECBF42068A36800B4A474 /* Main.storyboard */,
				7BEECBF72068A36800B4A474 /* Info.plist */,
				7BEECBF82068A36800B4A474 /* FolderSHA.entitlements */,
				7BEECBFE2068A9DD00B4A474 /* BridgingHeader.h */,
			);
			path = FolderSHA;
			sourceTree = "<group>";
		};
/* End PBXGroup section */

/* Begin PBXNativeTarget section */
		7BEECBEA2068A36800B4A474 /* FolderSHA */ = {
			isa = PBXNativeTarget;
			buildConfigurationList = 7BEECBFB2068A36800B4A474 /* Build configuration list for PBXNativeTarget "FolderSHA" */;
			buildPhases = (
				7BEECBE72068A36800B4A474 /* Sources */,
				7BEECBE82068A36800B4A474 /* Frameworks */,
				7BEECBE92068A36800B4A474 /* Resources */,
			);
			buildRules = (
			);
			dependencies = (
			);
			name = FolderSHA;
			productName = FolderSHA;
			productReference = 7BEECBEB2068A36800B4A474 /* FolderSHA.app */;
			productType = "com.apple.product-type.application";
		};
/* End PBXNativeTarget section */

/* Begin PBXProject section */
		7BEECBE32068A36800B4A474 /* Project object */ = {
			isa = PBXProject;
			attributes = {
				LastSwiftUpdateCheck = 0920;
				LastUpgradeCheck = 0920;
				ORGANIZATIONNAME = swordfish;
				TargetAttributes = {
					7BEECBEA2068A36800B4A474 = {
						CreatedOnToolsVersion = 9.2;
						ProvisioningStyle = Automatic;
					};
				};
			};
			buildConfigurationList = 7BEECBE62068A36800B4A474 /* Build configuration list for PBXProject "FolderSHA" */;
			compatibilityVersion = "Xcode 8.0";
			developmentRegion = en;
			hasScannedForEncodings = 0;
			knownRegions = (
				en,
				Base,
			);
			mainGroup = 7BEECBE22068A36800B4A474;
			productRefGroup = 7BEECBEC2068A36800B4A474 /* Products */;
			projectDirPath = "";
			projectRoot = "";
			targets = (
				7BEECBEA2068A36800B4A474 /* FolderSHA */,
			);
		};
/* End PBXProject section */

/* Begin PBXResourcesBuildPhase section */
		7BEECBE92068A36800B4A474 /* Resources */ = {
			isa = PBXResourcesBuildPhase;
			buildActionMask = 2147483647;
			files = (
				7BEECC012068B60700B4A474 /* README.md in Resources */,
				7BEECC022068B60700B4A474 /* s1.png in Resources */,
				7BEECBF32068A36800B4A474 /* Assets.xcassets in Resources */,
				7BEECBF62068A36800B4A474 /* Main.storyboard in Resources */,
			);
			runOnlyForDeploymentPostprocessing = 0;
		};
/* End PBXResourcesBuildPhase section */

/* Begin PBXSourcesBuildPhase section */
		7BEECBE72068A36800B4A474 /* Sources */ = {
			isa = PBXSourcesBuildPhase;
			buildActionMask = 2147483647;
			files = (
				7BEECBF12068A36800B4A474 /* ViewController.swift in Sources */,
				7BEECBEF2068A36800B4A474 /* AppDelegate.swift in Sources */,
			);
			runOnlyForDeploymentPostprocessing = 0;
		};
/* End PBXSourcesBuildPhase section */

/* Begin PBXVariantGroup section */
		7BEECBF42068A36800B4A474 /* Main.storyboard */ = {
			isa = PBXVariantGroup;
			children = (
				7BEECBF52068A36800B4A474 /* Base */,
			);
			name = Main.storyboard;
			sourceTree = "<group>";
		};
/* End PBXVariantGroup section */

/* Begin XCBuildConfiguration section */
		7BEECBF92068A36800B4A474 /* Debug */ = {
			isa = XCBuildConfiguration;
			buildSettings = {
				ALWAYS_SEARCH_USER_PATHS = NO;
				CLANG_ANALYZER_NONNULL = YES;
				CLANG_ANALYZER_NUMBER_OBJECT_CONVERSION = YES_AGGRESSIVE;
				CLANG_CXX_LANGUAGE_STANDARD = "gnu++14";
				CLANG_CXX_LIBRARY = "libc++";
				CLANG_ENABLE_MODULES = YES;
				CLANG_ENABLE_OBJC_ARC = YES;
				CLANG_WARN_BLOCK_CAPTURE_AUTORELEASING = YES;
				CLANG_WARN_BOOL_CONVERSION = YES;
				CLANG_WARN_COMMA = YES;
				CLANG_WARN_CONSTANT_CONVERSION = YES;
				CLANG_WARN_DIRECT_OBJC_ISA_USAGE = YES_ERROR;
				CLANG_WARN_DOCUMENTATION_COMMENTS = YES;
				CLANG_WARN_EMPTY_BODY = YES;
				CLANG_WARN_ENUM_CONVERSION = YES;
				CLANG_WARN_INFINITE_RECURSION = YES;
				CLANG_WARN_INT_CONVERSION = YES;
				CLANG_WARN_NON_LITERAL_NULL_CONVERSION = YES;
				CLANG_WARN_OBJC_LITERAL_CONVERSION = YES;
				CLANG_WARN_OBJC_ROOT_CLASS = YES_ERROR;
				CLANG_WARN_RANGE_LOOP_ANALYSIS = YES;
				CLANG_WARN_STRICT_PROTOTYPES = YES;
				CLANG_WARN_SUSPICIOUS_MOVE = YES;
				CLANG_WARN_UNGUARDED_AVAILABILITY = YES_AGGRESSIVE;
				CLANG_WARN_UNREACHABLE_CODE = YES;
				CLANG_WARN__DUPLICATE_METHOD_MATCH = YES;
				CODE_SIGN_IDENTITY = "Mac Developer";
				COPY_PHASE_STRIP = NO;
				DEBUG_INFORMATION_FORMAT = dwarf;
				ENABLE_STRICT_OBJC_MSGSEND = YES;
				ENABLE_TESTABILITY = YES;
				GCC_C_LANGUAGE_STANDARD = gnu11;
				GCC_DYNAMIC_NO_PIC = NO;
				GCC_NO_COMMON_BLOCKS = YES;
				GCC_OPTIMIZATION_LEVEL = 0;
				GCC_PREPROCESSOR_DEFINITIONS = (
					"DEBUG=1",
					"$(inherited)",
				);
				GCC_WARN_64_TO_32_BIT_CONVERSION = YES;
				GCC_WARN_ABOUT_RETURN_TYPE = YES_ERROR;
				GCC_WARN_UNDECLARED_SELECTOR = YES;
				GCC_WARN_UNINITIALIZED_AUTOS = YES_AGGRESSIVE;
				GCC_WARN_UNUSED_FUNCTION = YES;
				GCC_WARN_UNUSED_VARIABLE = YES;
				MACOSX_DEPLOYMENT_TARGET = 10.13;
				MTL_ENABLE_DEBUG_INFO = YES;
				ONLY_ACTIVE_ARCH = YES;
				SDKROOT = macosx;
				SWIFT_ACTIVE_COMPILATION_CONDITIONS = DEBUG;
				SWIFT_OPTIMIZATION_LEVEL = "-Onone";
			};
			name = Debug;
		};
		7BEECBFA2068A36800B4A474 /* Release */ = {
			isa = XCBuildConfiguration;
			buildSettings = {
				ALWAYS_SEARCH_USER_PATHS = NO;
				CLANG_ANALYZER_NONNULL = YES;
				CLANG_ANALYZER_NUMBER_OBJECT_CONVERSION = YES_AGGRESSIVE;
				CLANG_CXX_LANGUAGE_STANDARD = "gnu++14";
				CLANG_CXX_LIBRARY = "libc++";
				CLANG_ENABLE_MODULES = YES;
				CLANG_ENABLE_OBJC_ARC = YES;
				CLANG_WARN_BLOCK_CAPTURE_AUTORELEASING = YES;
				CLANG_WARN_BOOL_CONVERSION = YES;
				CLANG_WARN_COMMA = YES;
				CLANG_WARN_CONSTANT_CONVERSION = YES;
				CLANG_WARN_DIRECT_OBJC_ISA_USAGE = YES_ERROR;
				CLANG_WARN_DOCUMENTATION_COMMENTS = YES;
				CLANG_WARN_EMPTY_BODY = YES;
				CLANG_WARN_ENUM_CONVERSION = YES;
				CLANG_WARN_INFINITE_RECURSION = YES;
				CLANG_WARN_INT_CONVERSION = YES;
				CLANG_WARN_NON_LITERAL_NULL_CONVERSION = YES;
				CLANG_WARN_OBJC_LITERAL_CONVERSION = YES;
				CLANG_WARN_OBJC_ROOT_CLASS = YES_ERROR;
				CLANG_WARN_RANGE_LOOP_ANALYSIS = YES;
				CLANG_WARN_STRICT_PROTOTYPES = YES;
				CLANG_WARN_SUSPICIOUS_MOVE = YES;
				CLANG_WARN_UNGUARDED_AVAILABILITY = YES_AGGRESSIVE;
				CLANG_WARN_UNREACHABLE_CODE = YES;
				CLANG_WARN__DUPLICATE_METHOD_MATCH = YES;
				CODE_SIGN_IDENTITY = "Mac Developer";
				COPY_PHASE_STRIP = NO;
				DEBUG_INFORMATION_FORMAT = "dwarf-with-dsym";
				ENABLE_NS_ASSERTIONS = NO;
				ENABLE_STRICT_OBJC_MSGSEND = YES;
				GCC_C_LANGUAGE_STANDARD = gnu11;
				GCC_NO_COMMON_BLOCKS = YES;
				GCC_WARN_64_TO_32_BIT_CONVERSION = YES;
				GCC_WARN_ABOUT_RETURN_TYPE = YES_ERROR;
				GCC_WARN_UNDECLARED_SELECTOR = YES;
				GCC_WARN_UNINITIALIZED_AUTOS = YES_AGGRESSIVE;
				GCC_WARN_UNUSED_FUNCTION = YES;
				GCC_WARN_UNUSED_VARIABLE = YES;
				MACOSX_DEPLOYMENT_TARGET = 10.13;
				MTL_ENABLE_DEBUG_INFO = NO;
				SDKROOT = macosx;
				SWIFT_OPTIMIZATION_LEVEL = "-Owholemodule";
			};
			name = Release;
		};
		7BEECBFC2068A36800B4A474 /* Debug */ = {
			isa = XCBuildConfiguration;
			buildSettings = {
				ASSETCATALOG_COMPILER_APPICON_NAME = AppIcon;
				CODE_SIGN_ENTITLEMENTS = FolderSHA/FolderSHA.entitlements;
				CODE_SIGN_STYLE = Automatic;
				COMBINE_HIDPI_IMAGES = YES;
				DEVELOPMENT_TEAM = ZP39L9XLVC;
				INFOPLIST_FILE = FolderSHA/Info.plist;
				LD_RUNPATH_SEARCH_PATHS = "$(inherited) @executable_path/../Frameworks";
				PRODUCT_BUNDLE_IDENTIFIER = com.swordfish.ios.FolderSHA;
				PRODUCT_NAME = "$(TARGET_NAME)";
				SWIFT_OBJC_BRIDGING_HEADER = FolderSHA/BridgingHeader.h;
				SWIFT_VERSION = 4.0;
			};
			name = Debug;
		};
		7BEECBFD2068A36800B4A474 /* Release */ = {
			isa = XCBuildConfiguration;
			buildSettings = {
				ASSETCATALOG_COMPILER_APPICON_NAME = AppIcon;
				CODE_SIGN_ENTITLEMENTS = FolderSHA/FolderSHA.entitlements;
				CODE_SIGN_STYLE = Automatic;
				COMBINE_HIDPI_IMAGES = YES;
				DEVELOPMENT_TEAM = ZP39L9XLVC;
				INFOPLIST_FILE = FolderSHA/Info.plist;
				LD_RUNPATH_SEARCH_PATHS = "$(inherited) @executable_path/../Frameworks";
				PRODUCT_BUNDLE_IDENTIFIER = com.swordfish.ios.FolderSHA;
				PRODUCT_NAME = "$(TARGET_NAME)";
				SWIFT_OBJC_BRIDGING_HEADER = FolderSHA/BridgingHeader.h;
				SWIFT_VERSION = 4.0;
			};
			name = Release;
		};
/* End XCBuildConfiguration section */

/* Begin XCConfigurationList section */
		7BEECBE62068A36800B4A474 /* Build configuration list for PBXProject "FolderSHA" */ = {
			isa = XCConfigurationList;
			buildConfigurations = (
				7BEECBF92068A36800B4A474 /* Debug */,
				7BEECBFA2068A36800B4A474 /* Release */,
			);
			defaultConfigurationIsVisible = 0;
			defaultConfigurationName = Release;
		};
		7BEECBFB2068A36800B4A474 /* Build configuration list for PBXNativeTarget "FolderSHA" */ = {
			isa = XCConfigurationList;
			buildConfigurations = (
				7BEECBFC2068A36800B4A474 /* Debug */,
				7BEECBFD2068A36800B4A474 /* Release */,
			);
			defaultConfigurationIsVisible = 0;
			defaultConfigurationName = Release;
		};
/* End XCConfigurationList section */
	};
	rootObject = 7BEECBE32068A36800B4A474 /* Project object */;
}
